{
  "version": "5",
  "remote": {
    "https://edge.netlify.com/": "fd941d61d88673d5f28aab283fb86fcc50f08a3bc80ee5470498fcfa88c65cfb",
    "https://edge.netlify.com/bootstrap/config.ts": "6a2ce0e544e15e8f8883a5c18da5948e37fd0f2619f68cb31f3af53c51817025",
    "https://edge.netlify.com/bootstrap/context.ts": "e97240232121e2f369f6546ce961490f34d961ea1ea54be3ff09633e3f08373f",
    "https://edge.netlify.com/bootstrap/cookie.ts": "8b0baae708989ca183c6f3b4ab3d029e6abcbc2e43f93edeb0ff447b3bbc3a05",
    "https://edge.netlify.com/bootstrap/edge_function.ts": "b8253e86aa83c67341f5cfedeba5049d77fbf84dcab7eceff7566b7728ae9b39",
    "https://edge.netlify.com/bootstrap/globals/types.ts": "eaa6148ded3121d8dee62dd91c86e7fe76601df0f3ca8d7962243a30f4c8935f"
  },
  "workspace": {
    "packageJson": {
      "dependencies": [
        "npm:@aws-sdk/client-s3@^3.981.0",
        "npm:@base-ui/react@^1.1.0",
        "npm:@biomejs/biome@2.3.10",
        "npm:@mapbox/mapbox-gl-draw@^1.5.1",
        "npm:@playwright/test@^1.58.2",
        "npm:@radix-ui/react-avatar@^1.1.1",
        "npm:@radix-ui/react-checkbox@^1.3.3",
        "npm:@radix-ui/react-dialog@^1.1.15",
        "npm:@radix-ui/react-dropdown-menu@^2.1.16",
        "npm:@radix-ui/react-icons@^1.3.0",
        "npm:@radix-ui/react-label@^2.1.8",
        "npm:@radix-ui/react-popover@^1.1.15",
        "npm:@radix-ui/react-radio-group@^1.2.4",
        "npm:@radix-ui/react-scroll-area@^1.2.2",
        "npm:@radix-ui/react-select@^2.1.4",
        "npm:@radix-ui/react-separator@^1.1.8",
        "npm:@radix-ui/react-slider@^1.3.6",
        "npm:@radix-ui/react-slot@^1.2.4",
        "npm:@radix-ui/react-tabs@^1.1.13",
        "npm:@react-grab/mcp@~0.1.28",
        "npm:@tanstack/react-query@^5.90.21",
        "npm:@testing-library/dom@^10.4.1",
        "npm:@testing-library/jest-dom@^6.8.0",
        "npm:@testing-library/react@^16.3.0",
        "npm:@turf/convex@^7.3.1",
        "npm:@turf/helpers@^7.3.1",
        "npm:@types/jest@30",
        "npm:@types/lodash.debounce@^4.0.9",
        "npm:@types/mapbox-gl@^3.4.0",
        "npm:@types/mapbox__mapbox-gl-draw@^1.4.9",
        "npm:@types/node@20",
        "npm:@types/react-dom@^19.2.3",
        "npm:@types/react@^19.2.13",
        "npm:agentation@^3.0.1",
        "npm:autoprefixer@^10.4.20",
        "npm:babel-plugin-react-compiler@1",
        "npm:calligraph@^1.0.3",
        "npm:class-variance-authority@~0.7.1",
        "npm:clsx@^2.1.1",
        "npm:cmdk@^1.1.1",
        "npm:date-fns@^4.1.0",
        "npm:googleapis@144",
        "npm:jest-environment-jsdom@^30.1.2",
        "npm:jest@^30.1.3",
        "npm:lodash.debounce@^4.0.8",
        "npm:lucide-react@0.451",
        "npm:mapbox-gl@^3.7.0",
        "npm:motion@^12.33.0",
        "npm:next-auth@^5.0.0-beta.30",
        "npm:next@^16.1.6",
        "npm:postcss@^8.4.47",
        "npm:radix-ui@^1.4.3",
        "npm:react-aria-components@^1.4.1",
        "npm:react-day-picker@^9.13.2",
        "npm:react-dom@^19.2.4",
        "npm:react-grab@~0.1.28",
        "npm:react-use-measure@^2.1.7",
        "npm:react@^19.2.4",
        "npm:recharts@^2.15.0",
        "npm:tailwind-merge@^2.6.0",
        "npm:tailwindcss-animate@^1.0.7",
        "npm:tailwindcss@^3.4.13",
        "npm:typescript@5",
        "npm:vaul@^1.1.2"
      ]
    }
  }
}
